
Microsoft Visual Studio Solution File, Format Version 12.00
# Visual Studio Version 16
VisualStudioVersion = 16.0.32126.315
MinimumVisualStudioVersion = 10.0.40219.1
Project("{FAE04EC0-301F-11D3-BF4B-00C04F79EFBC}") = "DelgadoPredicadLamna", "DelgadoPredicadLamna.csproj", "{B4CB7D06-CCE1-47BE-B374-5FB64FCAF0C4}"
EndProject
Global
	GlobalSection(SolutionConfigurationPlatforms) = preSolution
		Debug|Any CPU = Debug|Any CPU
		Release|Any CPU = Release|Any CPU
	EndGlobalSection
	GlobalSection(ProjectConfigurationPlatforms) = postSolution
		{B4CB7D06-CCE1-47BE-B374-5FB64FCAF0C4}.Debug|Any CPU.ActiveCfg = Debug|Any CPU
		{B4CB7D06-CCE1-47BE-B374-5FB64FCAF0C4}.Debug|Any CPU.Build.0 = Debug|Any CPU
		{B4CB7D06-CCE1-47BE-B374-5FB64FCAF0C4}.Release|Any CPU.ActiveCfg = Release|Any CPU
		{B4CB7D06-CCE1-47BE-B374-5FB64FCAF0C4}.Release|Any CPU.Build.0 = Release|Any CPU
	EndGlobalSection
	GlobalSection(SolutionProperties) = preSolution
		HideSolutionNode = FALSE
	EndGlobalSection
	GlobalSection(ExtensibilityGlobals) = postSolution
		SolutionGuid = {3F8F38BF-F6BC-406A-B8A8-A94AFFCCF9FA}
	EndGlobalSection
EndGlobal
