
Microsoft Visual Studio Solution File, Format Version 12.00
# Visual Studio Version 16
VisualStudioVersion = 16.0.32126.315
MinimumVisualStudioVersion = 10.0.40219.1
Project("{FAE04EC0-301F-11D3-BF4B-00C04F79EFBC}") = "Interfaces", "Interfaces.csproj", "{815B216E-1571-48D9-AC6D-46705313B391}"
EndProject
Global
	GlobalSection(SolutionConfigurationPlatforms) = preSolution
		Debug|Any CPU = Debug|Any CPU
		Release|Any CPU = Release|Any CPU
	EndGlobalSection
	GlobalSection(ProjectConfigurationPlatforms) = postSolution
		{815B216E-1571-48D9-AC6D-46705313B391}.Debug|Any CPU.ActiveCfg = Debug|Any CPU
		{815B216E-1571-48D9-AC6D-46705313B391}.Debug|Any CPU.Build.0 = Debug|Any CPU
		{815B216E-1571-48D9-AC6D-46705313B391}.Release|Any CPU.ActiveCfg = Release|Any CPU
		{815B216E-1571-48D9-AC6D-46705313B391}.Release|Any CPU.Build.0 = Release|Any CPU
	EndGlobalSection
	GlobalSection(SolutionProperties) = preSolution
		HideSolutionNode = FALSE
	EndGlobalSection
	GlobalSection(ExtensibilityGlobals) = postSolution
		SolutionGuid = {BF8C6102-B2E9-49AA-9452-C0123DE41207}
	EndGlobalSection
EndGlobal
